
Microsoft Visual Studio Solution File, Format Version 12.00
# Visual Studio Version 18
VisualStudioVersion = 18.5.11801.241 oobstable
MinimumVisualStudioVersion = 10.0.40219.1
Project("{FAE04EC0-301F-11D3-BF4B-00C04F79EFBC}") = "CognivexAI", "CognivexAI.csproj", "{14442204-46A9-BBBE-6A72-618E393473B1}"
EndProject
Global
	GlobalSection(SolutionConfigurationPlatforms) = preSolution
		Debug|Any CPU = Debug|Any CPU
		Release|Any CPU = Release|Any CPU
	EndGlobalSection
	GlobalSection(ProjectConfigurationPlatforms) = postSolution
		{14442204-46A9-BBBE-6A72-618E393473B1}.Debug|Any CPU.ActiveCfg = Debug|Any CPU
		{14442204-46A9-BBBE-6A72-618E393473B1}.Debug|Any CPU.Build.0 = Debug|Any CPU
		{14442204-46A9-BBBE-6A72-618E393473B1}.Release|Any CPU.ActiveCfg = Release|Any CPU
		{14442204-46A9-BBBE-6A72-618E393473B1}.Release|Any CPU.Build.0 = Release|Any CPU
	EndGlobalSection
	GlobalSection(SolutionProperties) = preSolution
		HideSolutionNode = FALSE
	EndGlobalSection
	GlobalSection(ExtensibilityGlobals) = postSolution
		SolutionGuid = {3623C6D0-6A20-44ED-868B-CA4EC1F20950}
	EndGlobalSection
EndGlobal
